
Microsoft Visual Studio Solution File, Format Version 12.00
# Visual Studio Version 16
VisualStudioVersion = 16.0.32126.315
MinimumVisualStudioVersion = 10.0.40219.1
Project("{FAE04EC0-301F-11D3-BF4B-00C04F79EFBC}") = "LanchesMac", "LanchesMac\LanchesMac.csproj", "{1DAEA370-C429-497C-A86A-9E87BE313310}"
EndProject
Global
	GlobalSection(SolutionConfigurationPlatforms) = preSolution
		Debug|Any CPU = Debug|Any CPU
		Release|Any CPU = Release|Any CPU
	EndGlobalSection
	GlobalSection(ProjectConfigurationPlatforms) = postSolution
		{1DAEA370-C429-497C-A86A-9E87BE313310}.Debug|Any CPU.ActiveCfg = Debug|Any CPU
		{1DAEA370-C429-497C-A86A-9E87BE313310}.Debug|Any CPU.Build.0 = Debug|Any CPU
		{1DAEA370-C429-497C-A86A-9E87BE313310}.Release|Any CPU.ActiveCfg = Release|Any CPU
		{1DAEA370-C429-497C-A86A-9E87BE313310}.Release|Any CPU.Build.0 = Release|Any CPU
	EndGlobalSection
	GlobalSection(SolutionProperties) = preSolution
		HideSolutionNode = FALSE
	EndGlobalSection
	GlobalSection(ExtensibilityGlobals) = postSolution
		SolutionGuid = {1E32A402-F207-4C28-9DF1-21E7D719885C}
	EndGlobalSection
EndGlobal
